// !$*UTF8*$!
{
	archiveVersion = 1;
	classes = {
	};
	objectVersion = 55;
	objects = {

/* Begin PBXBuildFile section */
		57670A072ADEB15D00D8A25B /* main.cpp in Sources */ = {isa = PBXBuildFile; fileRef = 57670A062ADEB15D00D8A25B /* main.cpp */; };
		57670A122ADEBC3800D8A25B /* main.cpp in Sources */ = {isa = PBXBuildFile; fileRef = 57670A112ADEBC3800D8A25B /* main.cpp */; };
		57670A1D2ADEC48100D8A25B /* main.cpp in Sources */ = {isa = PBXBuildFile; fileRef = 57670A1C2ADEC48100D8A25B /* main.cpp */; };
		576E5D782AC2F27700791B26 /* prompt.cpp in Sources */ = {isa = PBXBuildFile; fileRef = 576E5D772AC2F27700791B26 /* prompt.cpp */; };
		576E5D872AC3010100791B26 /* main.cpp in Sources */ = {isa = PBXBuildFile; fileRef = 576E5D862AC3010100791B26 /* main.cpp */; };
		576E5D942AC30A3500791B26 /* main.cpp in Sources */ = {isa = PBXBuildFile; fileRef = 576E5D932AC30A3500791B26 /* main.cpp */; };
/* End PBXBuildFile section */

/* Begin PBXCopyFilesBuildPhase section */
		57670A022ADEB15D00D8A25B /* CopyFiles */ = {
			isa = PBXCopyFilesBuildPhase;
			buildActionMask = 2147483647;
			dstPath = /usr/share/man/man1/;
			dstSubfolderSpec = 0;
			files = (
			);
			runOnlyForDeploymentPostprocessing = 1;
		};
		57670A0D2ADEBC3800D8A25B /* CopyFiles */ = {
			isa = PBXCopyFilesBuildPhase;
			buildActionMask = 2147483647;
			dstPath = /usr/share/man/man1/;
			dstSubfolderSpec = 0;
			files = (
			);
			runOnlyForDeploymentPostprocessing = 1;
		};
		57670A182ADEC48100D8A25B /* CopyFiles */ = {
			isa = PBXCopyFilesBuildPhase;
			buildActionMask = 2147483647;
			dstPath = /usr/share/man/man1/;
			dstSubfolderSpec = 0;
			files = (
			);
			runOnlyForDeploymentPostprocessing = 1;
		};
		576E5D722AC2F27700791B26 /* CopyFiles */ = {
			isa = PBXCopyFilesBuildPhase;
			buildActionMask = 2147483647;
			dstPath = /usr/share/man/man1/;
			dstSubfolderSpec = 0;
			files = (
			);
			runOnlyForDeploymentPostprocessing = 1;
		};
		576E5D822AC3010100791B26 /* CopyFiles */ = {
			isa = PBXCopyFilesBuildPhase;
			buildActionMask = 2147483647;
			dstPath = /usr/share/man/man1/;
			dstSubfolderSpec = 0;
			files = (
			);
			runOnlyForDeploymentPostprocessing = 1;
		};
		576E5D8F2AC30A3500791B26 /* CopyFiles */ = {
			isa = PBXCopyFilesBuildPhase;
			buildActionMask = 2147483647;
			dstPath = /usr/share/man/man1/;
			dstSubfolderSpec = 0;
			files = (
			);
			runOnlyForDeploymentPostprocessing = 1;
		};
/* End PBXCopyFilesBuildPhase section */

/* Begin PBXFileReference section */
		57670A042ADEB15D00D8A25B /* 2arg */ = {isa = PBXFileReference; explicitFileType = "compiled.mach-o.executable"; includeInIndex = 0; path = 2arg; sourceTree = BUILT_PRODUCTS_DIR; };
		57670A062ADEB15D00D8A25B /* main.cpp */ = {isa = PBXFileReference; lastKnownFileType = sourcecode.cpp.cpp; path = main.cpp; sourceTree = "<group>"; };
		57670A0F2ADEBC3800D8A25B /* isprime */ = {isa = PBXFileReference; explicitFileType = "compiled.mach-o.executable"; includeInIndex = 0; path = isprime; sourceTree = BUILT_PRODUCTS_DIR; };
		57670A112ADEBC3800D8A25B /* main.cpp */ = {isa = PBXFileReference; lastKnownFileType = sourcecode.cpp.cpp; path = main.cpp; sourceTree = "<group>"; };
		57670A1A2ADEC48100D8A25B /* defint */ = {isa = PBXFileReference; explicitFileType = "compiled.mach-o.executable"; includeInIndex = 0; path = defint; sourceTree = BUILT_PRODUCTS_DIR; };
		57670A1C2ADEC48100D8A25B /* main.cpp */ = {isa = PBXFileReference; lastKnownFileType = sourcecode.cpp.cpp; path = main.cpp; sourceTree = "<group>"; };
		576E5D742AC2F27700791B26 /* puzzles */ = {isa = PBXFileReference; explicitFileType = "compiled.mach-o.executable"; includeInIndex = 0; path = puzzles; sourceTree = BUILT_PRODUCTS_DIR; };
		576E5D772AC2F27700791B26 /* prompt.cpp */ = {isa = PBXFileReference; lastKnownFileType = sourcecode.cpp.cpp; path = prompt.cpp; sourceTree = "<group>"; };
		576E5D842AC3010100791B26 /* pow */ = {isa = PBXFileReference; explicitFileType = "compiled.mach-o.executable"; includeInIndex = 0; path = pow; sourceTree = BUILT_PRODUCTS_DIR; };
		576E5D862AC3010100791B26 /* main.cpp */ = {isa = PBXFileReference; lastKnownFileType = sourcecode.cpp.cpp; path = main.cpp; sourceTree = "<group>"; };
		576E5D912AC30A3500791B26 /* romanmath */ = {isa = PBXFileReference; explicitFileType = "compiled.mach-o.executable"; includeInIndex = 0; path = romanmath; sourceTree = BUILT_PRODUCTS_DIR; };
		576E5D932AC30A3500791B26 /* main.cpp */ = {isa = PBXFileReference; lastKnownFileType = sourcecode.cpp.cpp; path = main.cpp; sourceTree = "<group>"; };
/* End PBXFileReference section */

/* Begin PBXFrameworksBuildPhase section */
		57670A012ADEB15D00D8A25B /* Frameworks */ = {
			isa = PBXFrameworksBuildPhase;
			buildActionMask = 2147483647;
			files = (
			);
			runOnlyForDeploymentPostprocessing = 0;
		};
		57670A0C2ADEBC3800D8A25B /* Frameworks */ = {
			isa = PBXFrameworksBuildPhase;
			buildActionMask = 2147483647;
			files = (
			);
			runOnlyForDeploymentPostprocessing = 0;
		};
		57670A172ADEC48100D8A25B /* Frameworks */ = {
			isa = PBXFrameworksBuildPhase;
			buildActionMask = 2147483647;
			files = (
			);
			runOnlyForDeploymentPostprocessing = 0;
		};
		576E5D712AC2F27700791B26 /* Frameworks */ = {
			isa = PBXFrameworksBuildPhase;
			buildActionMask = 2147483647;
			files = (
			);
			runOnlyForDeploymentPostprocessing = 0;
		};
		576E5D812AC3010100791B26 /* Frameworks */ = {
			isa = PBXFrameworksBuildPhase;
			buildActionMask = 2147483647;
			files = (
			);
			runOnlyForDeploymentPostprocessing = 0;
		};
		576E5D8E2AC30A3500791B26 /* Frameworks */ = {
			isa = PBXFrameworksBuildPhase;
			buildActionMask = 2147483647;
			files = (
			);
			runOnlyForDeploymentPostprocessing = 0;
		};
/* End PBXFrameworksBuildPhase section */

/* Begin PBXGroup section */
		57670A052ADEB15D00D8A25B /* 2arg */ = {
			isa = PBXGroup;
			children = (
				57670A062ADEB15D00D8A25B /* main.cpp */,
			);
			path = 2arg;
			sourceTree = "<group>";
		};
		57670A102ADEBC3800D8A25B /* isprime */ = {
			isa = PBXGroup;
			children = (
				57670A112ADEBC3800D8A25B /* main.cpp */,
			);
			path = isprime;
			sourceTree = "<group>";
		};
		57670A1B2ADEC48100D8A25B /* defint */ = {
			isa = PBXGroup;
			children = (
				57670A1C2ADEC48100D8A25B /* main.cpp */,
			);
			path = defint;
			sourceTree = "<group>";
		};
		576E5D6B2AC2F27700791B26 = {
			isa = PBXGroup;
			children = (
				576E5D762AC2F27700791B26 /* puzzles */,
				576E5D852AC3010100791B26 /* pow */,
				576E5D922AC30A3500791B26 /* romanmath */,
				57670A052ADEB15D00D8A25B /* 2arg */,
				57670A102ADEBC3800D8A25B /* isprime */,
				57670A1B2ADEC48100D8A25B /* defint */,
				576E5D752AC2F27700791B26 /* Products */,
			);
			sourceTree = "<group>";
		};
		576E5D752AC2F27700791B26 /* Products */ = {
			isa = PBXGroup;
			children = (
				576E5D742AC2F27700791B26 /* puzzles */,
				576E5D842AC3010100791B26 /* pow */,
				576E5D912AC30A3500791B26 /* romanmath */,
				57670A042ADEB15D00D8A25B /* 2arg */,
				57670A0F2ADEBC3800D8A25B /* isprime */,
				57670A1A2ADEC48100D8A25B /* defint */,
			);
			name = Products;
			sourceTree = "<group>";
		};
		576E5D762AC2F27700791B26 /* puzzles */ = {
			isa = PBXGroup;
			children = (
				576E5D772AC2F27700791B26 /* prompt.cpp */,
			);
			path = puzzles;
			sourceTree = "<group>";
		};
		576E5D852AC3010100791B26 /* pow */ = {
			isa = PBXGroup;
			children = (
				576E5D862AC3010100791B26 /* main.cpp */,
			);
			path = pow;
			sourceTree = SOURCE_ROOT;
		};
		576E5D922AC30A3500791B26 /* romanmath */ = {
			isa = PBXGroup;
			children = (
				576E5D932AC30A3500791B26 /* main.cpp */,
			);
			path = romanmath;
			sourceTree = "<group>";
		};
/* End PBXGroup section */

/* Begin PBXNativeTarget section */
		57670A032ADEB15D00D8A25B /* 2arg */ = {
			isa = PBXNativeTarget;
			buildConfigurationList = 57670A082ADEB15D00D8A25B /* Build configuration list for PBXNativeTarget "2arg" */;
			buildPhases = (
				57670A002ADEB15D00D8A25B /* Sources */,
				57670A012ADEB15D00D8A25B /* Frameworks */,
				57670A022ADEB15D00D8A25B /* CopyFiles */,
			);
			buildRules = (
			);
			dependencies = (
			);
			name = 2arg;
			productName = 2arg;
			productReference = 57670A042ADEB15D00D8A25B /* 2arg */;
			productType = "com.apple.product-type.tool";
		};
		57670A0E2ADEBC3800D8A25B /* isprime */ = {
			isa = PBXNativeTarget;
			buildConfigurationList = 57670A132ADEBC3800D8A25B /* Build configuration list for PBXNativeTarget "isprime" */;
			buildPhases = (
				57670A0B2ADEBC3800D8A25B /* Sources */,
				57670A0C2ADEBC3800D8A25B /* Frameworks */,
				57670A0D2ADEBC3800D8A25B /* CopyFiles */,
			);
			buildRules = (
			);
			dependencies = (
			);
			name = isprime;
			productName = isprime;
			productReference = 57670A0F2ADEBC3800D8A25B /* isprime */;
			productType = "com.apple.product-type.tool";
		};
		57670A192ADEC48100D8A25B /* defint */ = {
			isa = PBXNativeTarget;
			buildConfigurationList = 57670A1E2ADEC48100D8A25B /* Build configuration list for PBXNativeTarget "defint" */;
			buildPhases = (
				57670A162ADEC48100D8A25B /* Sources */,
				57670A172ADEC48100D8A25B /* Frameworks */,
				57670A182ADEC48100D8A25B /* CopyFiles */,
			);
			buildRules = (
			);
			dependencies = (
			);
			name = defint;
			productName = defint;
			productReference = 57670A1A2ADEC48100D8A25B /* defint */;
			productType = "com.apple.product-type.tool";
		};
		576E5D732AC2F27700791B26 /* puzzles */ = {
			isa = PBXNativeTarget;
			buildConfigurationList = 576E5D7B2AC2F27700791B26 /* Build configuration list for PBXNativeTarget "puzzles" */;
			buildPhases = (
				576E5D702AC2F27700791B26 /* Sources */,
				576E5D712AC2F27700791B26 /* Frameworks */,
				576E5D722AC2F27700791B26 /* CopyFiles */,
			);
			buildRules = (
			);
			dependencies = (
			);
			name = puzzles;
			productName = puzzles;
			productReference = 576E5D742AC2F27700791B26 /* puzzles */;
			productType = "com.apple.product-type.tool";
		};
		576E5D832AC3010100791B26 /* pow */ = {
			isa = PBXNativeTarget;
			buildConfigurationList = 576E5D882AC3010100791B26 /* Build configuration list for PBXNativeTarget "pow" */;
			buildPhases = (
				576E5D802AC3010100791B26 /* Sources */,
				576E5D812AC3010100791B26 /* Frameworks */,
				576E5D822AC3010100791B26 /* CopyFiles */,
			);
			buildRules = (
			);
			dependencies = (
			);
			name = pow;
			productName = pow;
			productReference = 576E5D842AC3010100791B26 /* pow */;
			productType = "com.apple.product-type.tool";
		};
		576E5D902AC30A3500791B26 /* romanmath */ = {
			isa = PBXNativeTarget;
			buildConfigurationList = 576E5D952AC30A3500791B26 /* Build configuration list for PBXNativeTarget "romanmath" */;
			buildPhases = (
				576E5D8D2AC30A3500791B26 /* Sources */,
				576E5D8E2AC30A3500791B26 /* Frameworks */,
				576E5D8F2AC30A3500791B26 /* CopyFiles */,
			);
			buildRules = (
			);
			dependencies = (
			);
			name = romanmath;
			productName = romanmath;
			productReference = 576E5D912AC30A3500791B26 /* romanmath */;
			productType = "com.apple.product-type.tool";
		};
/* End PBXNativeTarget section */

/* Begin PBXProject section */
		576E5D6C2AC2F27700791B26 /* Project object */ = {
			isa = PBXProject;
			attributes = {
				BuildIndependentTargetsInParallel = 1;
				LastUpgradeCheck = 1320;
				TargetAttributes = {
					57670A032ADEB15D00D8A25B = {
						CreatedOnToolsVersion = 13.2.1;
					};
					57670A0E2ADEBC3800D8A25B = {
						CreatedOnToolsVersion = 13.2.1;
					};
					57670A192ADEC48100D8A25B = {
						CreatedOnToolsVersion = 13.2.1;
					};
					576E5D732AC2F27700791B26 = {
						CreatedOnToolsVersion = 13.2.1;
					};
					576E5D832AC3010100791B26 = {
						CreatedOnToolsVersion = 13.2.1;
					};
					576E5D902AC30A3500791B26 = {
						CreatedOnToolsVersion = 13.2.1;
					};
				};
			};
			buildConfigurationList = 576E5D6F2AC2F27700791B26 /* Build configuration list for PBXProject "puzzles" */;
			compatibilityVersion = "Xcode 13.0";
			developmentRegion = en;
			hasScannedForEncodings = 0;
			knownRegions = (
				en,
				Base,
			);
			mainGroup = 576E5D6B2AC2F27700791B26;
			productRefGroup = 576E5D752AC2F27700791B26 /* Products */;
			projectDirPath = "";
			projectRoot = "";
			targets = (
				576E5D732AC2F27700791B26 /* puzzles */,
				576E5D832AC3010100791B26 /* pow */,
				576E5D902AC30A3500791B26 /* romanmath */,
				57670A032ADEB15D00D8A25B /* 2arg */,
				57670A0E2ADEBC3800D8A25B /* isprime */,
				57670A192ADEC48100D8A25B /* defint */,
			);
		};
/* End PBXProject section */

/* Begin PBXSourcesBuildPhase section */
		57670A002ADEB15D00D8A25B /* Sources */ = {
			isa = PBXSourcesBuildPhase;
			buildActionMask = 2147483647;
			files = (
				57670A072ADEB15D00D8A25B /* main.cpp in Sources */,
			);
			runOnlyForDeploymentPostprocessing = 0;
		};
		57670A0B2ADEBC3800D8A25B /* Sources */ = {
			isa = PBXSourcesBuildPhase;
			buildActionMask = 2147483647;
			files = (
				57670A122ADEBC3800D8A25B /* main.cpp in Sources */,
			);
			runOnlyForDeploymentPostprocessing = 0;
		};
		57670A162ADEC48100D8A25B /* Sources */ = {
			isa = PBXSourcesBuildPhase;
			buildActionMask = 2147483647;
			files = (
				57670A1D2ADEC48100D8A25B /* main.cpp in Sources */,
			);
			runOnlyForDeploymentPostprocessing = 0;
		};
		576E5D702AC2F27700791B26 /* Sources */ = {
			isa = PBXSourcesBuildPhase;
			buildActionMask = 2147483647;
			files = (
				576E5D782AC2F27700791B26 /* prompt.cpp in Sources */,
			);
			runOnlyForDeploymentPostprocessing = 0;
		};
		576E5D802AC3010100791B26 /* Sources */ = {
			isa = PBXSourcesBuildPhase;
			buildActionMask = 2147483647;
			files = (
				576E5D872AC3010100791B26 /* main.cpp in Sources */,
			);
			runOnlyForDeploymentPostprocessing = 0;
		};
		576E5D8D2AC30A3500791B26 /* Sources */ = {
			isa = PBXSourcesBuildPhase;
			buildActionMask = 2147483647;
			files = (
				576E5D942AC30A3500791B26 /* main.cpp in Sources */,
			);
			runOnlyForDeploymentPostprocessing = 0;
		};
/* End PBXSourcesBuildPhase section */

/* Begin XCBuildConfiguration section */
		57670A092ADEB15D00D8A25B /* Debug */ = {
			isa = XCBuildConfiguration;
			buildSettings = {
				CODE_SIGN_STYLE = Automatic;
				PRODUCT_NAME = "$(TARGET_NAME)";
			};
			name = Debug;
		};
		57670A0A2ADEB15D00D8A25B /* Release */ = {
			isa = XCBuildConfiguration;
			buildSettings = {
				CODE_SIGN_STYLE = Automatic;
				PRODUCT_NAME = "$(TARGET_NAME)";
			};
			name = Release;
		};
		57670A142ADEBC3800D8A25B /* Debug */ = {
			isa = XCBuildConfiguration;
			buildSettings = {
				CODE_SIGN_STYLE = Automatic;
				PRODUCT_NAME = "$(TARGET_NAME)";
			};
			name = Debug;
		};
		57670A152ADEBC3800D8A25B /* Release */ = {
			isa = XCBuildConfiguration;
			buildSettings = {
				CODE_SIGN_STYLE = Automatic;
				PRODUCT_NAME = "$(TARGET_NAME)";
			};
			name = Release;
		};
		57670A1F2ADEC48100D8A25B /* Debug */ = {
			isa = XCBuildConfiguration;
			buildSettings = {
				CODE_SIGN_STYLE = Automatic;
				PRODUCT_NAME = "$(TARGET_NAME)";
			};
			name = Debug;
		};
		57670A202ADEC48100D8A25B /* Release */ = {
			isa = XCBuildConfiguration;
			buildSettings = {
				CODE_SIGN_STYLE = Automatic;
				PRODUCT_NAME = "$(TARGET_NAME)";
			};
			name = Release;
		};
		576E5D792AC2F27700791B26 /* Debug */ = {
			isa = XCBuildConfiguration;
			buildSettings = {
				ALWAYS_SEARCH_USER_PATHS = NO;
				CLANG_ANALYZER_NONNULL = YES;
				CLANG_ANALYZER_NUMBER_OBJECT_CONVERSION = YES_AGGRESSIVE;
				CLANG_CXX_LANGUAGE_STANDARD = "gnu++17";
				CLANG_CXX_LIBRARY = "libc++";
				CLANG_ENABLE_MODULES = YES;
				CLANG_ENABLE_OBJC_ARC = YES;
				CLANG_ENABLE_OBJC_WEAK = YES;
				CLANG_WARN_BLOCK_CAPTURE_AUTORELEASING = YES;
				CLANG_WARN_BOOL_CONVERSION = YES;
				CLANG_WARN_COMMA = YES;
				CLANG_WARN_CONSTANT_CONVERSION = YES;
				CLANG_WARN_DEPRECATED_OBJC_IMPLEMENTATIONS = YES;
				CLANG_WARN_DIRECT_OBJC_ISA_USAGE = YES_ERROR;
				CLANG_WARN_DOCUMENTATION_COMMENTS = YES;
				CLANG_WARN_EMPTY_BODY = YES;
				CLANG_WARN_ENUM_CONVERSION = YES;
				CLANG_WARN_INFINITE_RECURSION = YES;
				CLANG_WARN_INT_CONVERSION = YES;
				CLANG_WARN_NON_LITERAL_NULL_CONVERSION = YES;
				CLANG_WARN_OBJC_IMPLICIT_RETAIN_SELF = YES;
				CLANG_WARN_OBJC_LITERAL_CONVERSION = YES;
				CLANG_WARN_OBJC_ROOT_CLASS = YES_ERROR;
				CLANG_WARN_QUOTED_INCLUDE_IN_FRAMEWORK_HEADER = YES;
				CLANG_WARN_RANGE_LOOP_ANALYSIS = YES;
				CLANG_WARN_STRICT_PROTOTYPES = YES;
				CLANG_WARN_SUSPICIOUS_MOVE = YES;
				CLANG_WARN_UNGUARDED_AVAILABILITY = YES_AGGRESSIVE;
				CLANG_WARN_UNREACHABLE_CODE = YES;
				CLANG_WARN__DUPLICATE_METHOD_MATCH = YES;
				COPY_PHASE_STRIP = NO;
				DEBUG_INFORMATION_FORMAT = dwarf;
				ENABLE_STRICT_OBJC_MSGSEND = YES;
				ENABLE_TESTABILITY = YES;
				GCC_C_LANGUAGE_STANDARD = gnu11;
				GCC_DYNAMIC_NO_PIC = NO;
				GCC_NO_COMMON_BLOCKS = YES;
				GCC_OPTIMIZATION_LEVEL = 0;
				GCC_PREPROCESSOR_DEFINITIONS = (
					"DEBUG=1",
					"$(inherited)",
				);
				GCC_WARN_64_TO_32_BIT_CONVERSION = YES;
				GCC_WARN_ABOUT_RETURN_TYPE = YES_ERROR;
				GCC_WARN_UNDECLARED_SELECTOR = YES;
				GCC_WARN_UNINITIALIZED_AUTOS = YES_AGGRESSIVE;
				GCC_WARN_UNUSED_FUNCTION = YES;
				GCC_WARN_UNUSED_VARIABLE = YES;
				MACOSX_DEPLOYMENT_TARGET = 11.7;
				MTL_ENABLE_DEBUG_INFO = INCLUDE_SOURCE;
				MTL_FAST_MATH = YES;
				ONLY_ACTIVE_ARCH = YES;
				SDKROOT = macosx;
			};
			name = Debug;
		};
		576E5D7A2AC2F27700791B26 /* Release */ = {
			isa = XCBuildConfiguration;
			buildSettings = {
				ALWAYS_SEARCH_USER_PATHS = NO;
				CLANG_ANALYZER_NONNULL = YES;
				CLANG_ANALYZER_NUMBER_OBJECT_CONVERSION = YES_AGGRESSIVE;
				CLANG_CXX_LANGUAGE_STANDARD = "gnu++17";
				CLANG_CXX_LIBRARY = "libc++";
				CLANG_ENABLE_MODULES = YES;
				CLANG_ENABLE_OBJC_ARC = YES;
				CLANG_ENABLE_OBJC_WEAK = YES;
				CLANG_WARN_BLOCK_CAPTURE_AUTORELEASING = YES;
				CLANG_WARN_BOOL_CONVERSION = YES;
				CLANG_WARN_COMMA = YES;
				CLANG_WARN_CONSTANT_CONVERSION = YES;
				CLANG_WARN_DEPRECATED_OBJC_IMPLEMENTATIONS = YES;
				CLANG_WARN_DIRECT_OBJC_ISA_USAGE = YES_ERROR;
				CLANG_WARN_DOCUMENTATION_COMMENTS = YES;
				CLANG_WARN_EMPTY_BODY = YES;
				CLANG_WARN_ENUM_CONVERSION = YES;
				CLANG_WARN_INFINITE_RECURSION = YES;
				CLANG_WARN_INT_CONVERSION = YES;
				CLANG_WARN_NON_LITERAL_NULL_CONVERSION = YES;
				CLANG_WARN_OBJC_IMPLICIT_RETAIN_SELF = YES;
				CLANG_WARN_OBJC_LITERAL_CONVERSION = YES;
				CLANG_WARN_OBJC_ROOT_CLASS = YES_ERROR;
				CLANG_WARN_QUOTED_INCLUDE_IN_FRAMEWORK_HEADER = YES;
				CLANG_WARN_RANGE_LOOP_ANALYSIS = YES;
				CLANG_WARN_STRICT_PROTOTYPES = YES;
				CLANG_WARN_SUSPICIOUS_MOVE = YES;
				CLANG_WARN_UNGUARDED_AVAILABILITY = YES_AGGRESSIVE;
				CLANG_WARN_UNREACHABLE_CODE = YES;
				CLANG_WARN__DUPLICATE_METHOD_MATCH = YES;
				COPY_PHASE_STRIP = NO;
				DEBUG_INFORMATION_FORMAT = "dwarf-with-dsym";
				ENABLE_NS_ASSERTIONS = NO;
				ENABLE_STRICT_OBJC_MSGSEND = YES;
				GCC_C_LANGUAGE_STANDARD = gnu11;
				GCC_NO_COMMON_BLOCKS = YES;
				GCC_WARN_64_TO_32_BIT_CONVERSION = YES;
				GCC_WARN_ABOUT_RETURN_TYPE = YES_ERROR;
				GCC_WARN_UNDECLARED_SELECTOR = YES;
				GCC_WARN_UNINITIALIZED_AUTOS = YES_AGGRESSIVE;
				GCC_WARN_UNUSED_FUNCTION = YES;
				GCC_WARN_UNUSED_VARIABLE = YES;
				MACOSX_DEPLOYMENT_TARGET = 11.7;
				MTL_ENABLE_DEBUG_INFO = NO;
				MTL_FAST_MATH = YES;
				SDKROOT = macosx;
			};
			name = Release;
		};
		576E5D7C2AC2F27700791B26 /* Debug */ = {
			isa = XCBuildConfiguration;
			buildSettings = {
				CODE_SIGN_STYLE = Automatic;
				PRODUCT_NAME = "$(TARGET_NAME)";
			};
			name = Debug;
		};
		576E5D7D2AC2F27700791B26 /* Release */ = {
			isa = XCBuildConfiguration;
			buildSettings = {
				CODE_SIGN_STYLE = Automatic;
				PRODUCT_NAME = "$(TARGET_NAME)";
			};
			name = Release;
		};
		576E5D892AC3010100791B26 /* Debug */ = {
			isa = XCBuildConfiguration;
			buildSettings = {
				CODE_SIGN_STYLE = Automatic;
				PRODUCT_NAME = "$(TARGET_NAME)";
			};
			name = Debug;
		};
		576E5D8A2AC3010100791B26 /* Release */ = {
			isa = XCBuildConfiguration;
			buildSettings = {
				CODE_SIGN_STYLE = Automatic;
				PRODUCT_NAME = "$(TARGET_NAME)";
			};
			name = Release;
		};
		576E5D962AC30A3500791B26 /* Debug */ = {
			isa = XCBuildConfiguration;
			buildSettings = {
				CODE_SIGN_STYLE = Automatic;
				PRODUCT_NAME = "$(TARGET_NAME)";
			};
			name = Debug;
		};
		576E5D972AC30A3500791B26 /* Release */ = {
			isa = XCBuildConfiguration;
			buildSettings = {
				CODE_SIGN_STYLE = Automatic;
				PRODUCT_NAME = "$(TARGET_NAME)";
			};
			name = Release;
		};
/* End XCBuildConfiguration section */

/* Begin XCConfigurationList section */
		57670A082ADEB15D00D8A25B /* Build configuration list for PBXNativeTarget "2arg" */ = {
			isa = XCConfigurationList;
			buildConfigurations = (
				57670A092ADEB15D00D8A25B /* Debug */,
				57670A0A2ADEB15D00D8A25B /* Release */,
			);
			defaultConfigurationIsVisible = 0;
			defaultConfigurationName = Release;
		};
		57670A132ADEBC3800D8A25B /* Build configuration list for PBXNativeTarget "isprime" */ = {
			isa = XCConfigurationList;
			buildConfigurations = (
				57670A142ADEBC3800D8A25B /* Debug */,
				57670A152ADEBC3800D8A25B /* Release */,
			);
			defaultConfigurationIsVisible = 0;
			defaultConfigurationName = Release;
		};
		57670A1E2ADEC48100D8A25B /* Build configuration list for PBXNativeTarget "defint" */ = {
			isa = XCConfigurationList;
			buildConfigurations = (
				57670A1F2ADEC48100D8A25B /* Debug */,
				57670A202ADEC48100D8A25B /* Release */,
			);
			defaultConfigurationIsVisible = 0;
			defaultConfigurationName = Release;
		};
		576E5D6F2AC2F27700791B26 /* Build configuration list for PBXProject "puzzles" */ = {
			isa = XCConfigurationList;
			buildConfigurations = (
				576E5D792AC2F27700791B26 /* Debug */,
				576E5D7A2AC2F27700791B26 /* Release */,
			);
			defaultConfigurationIsVisible = 0;
			defaultConfigurationName = Release;
		};
		576E5D7B2AC2F27700791B26 /* Build configuration list for PBXNativeTarget "puzzles" */ = {
			isa = XCConfigurationList;
			buildConfigurations = (
				576E5D7C2AC2F27700791B26 /* Debug */,
				576E5D7D2AC2F27700791B26 /* Release */,
			);
			defaultConfigurationIsVisible = 0;
			defaultConfigurationName = Release;
		};
		576E5D882AC3010100791B26 /* Build configuration list for PBXNativeTarget "pow" */ = {
			isa = XCConfigurationList;
			buildConfigurations = (
				576E5D892AC3010100791B26 /* Debug */,
				576E5D8A2AC3010100791B26 /* Release */,
			);
			defaultConfigurationIsVisible = 0;
			defaultConfigurationName = Release;
		};
		576E5D952AC30A3500791B26 /* Build configuration list for PBXNativeTarget "romanmath" */ = {
			isa = XCConfigurationList;
			buildConfigurations = (
				576E5D962AC30A3500791B26 /* Debug */,
				576E5D972AC30A3500791B26 /* Release */,
			);
			defaultConfigurationIsVisible = 0;
			defaultConfigurationName = Release;
		};
/* End XCConfigurationList section */
	};
	rootObject = 576E5D6C2AC2F27700791B26 /* Project object */;
}
